
Microsoft Visual Studio Solution File, Format Version 12.00
# Visual Studio Version 17
VisualStudioVersion = 17.6.33723.286
MinimumVisualStudioVersion = 10.0.40219.1
Project("{9A19103F-16F7-4668-BE54-9A1E7A4F7556}") = "WebApplication2", "WebApplication2.csproj", "{7006D71F-C6FC-434C-9BCA-367960641B00}"
EndProject
Project("{FAE04EC0-301F-11D3-BF4B-00C04F79EFBC}") = "TestProject2", "..\TestProject2\TestProject2.csproj", "{5297CA3E-AD9E-4E4B-99AF-91AB17B49695}"
EndProject
Global
	GlobalSection(SolutionConfigurationPlatforms) = preSolution
		Debug|Any CPU = Debug|Any CPU
		Release|Any CPU = Release|Any CPU
	EndGlobalSection
	GlobalSection(ProjectConfigurationPlatforms) = postSolution
		{7006D71F-C6FC-434C-9BCA-367960641B00}.Debug|Any CPU.ActiveCfg = Debug|Any CPU
		{7006D71F-C6FC-434C-9BCA-367960641B00}.Debug|Any CPU.Build.0 = Debug|Any CPU
		{7006D71F-C6FC-434C-9BCA-367960641B00}.Release|Any CPU.ActiveCfg = Release|Any CPU
		{7006D71F-C6FC-434C-9BCA-367960641B00}.Release|Any CPU.Build.0 = Release|Any CPU
		{5297CA3E-AD9E-4E4B-99AF-91AB17B49695}.Debug|Any CPU.ActiveCfg = Debug|Any CPU
		{5297CA3E-AD9E-4E4B-99AF-91AB17B49695}.Debug|Any CPU.Build.0 = Debug|Any CPU
		{5297CA3E-AD9E-4E4B-99AF-91AB17B49695}.Release|Any CPU.ActiveCfg = Release|Any CPU
		{5297CA3E-AD9E-4E4B-99AF-91AB17B49695}.Release|Any CPU.Build.0 = Release|Any CPU
	EndGlobalSection
	GlobalSection(SolutionProperties) = preSolution
		HideSolutionNode = FALSE
	EndGlobalSection
	GlobalSection(ExtensibilityGlobals) = postSolution
		SolutionGuid = {9624F22E-709E-4C6D-9292-F38AC86630D3}
	EndGlobalSection
EndGlobal
